<?xml version="1.0" encoding="utf-8"?>
<Project ToolsVersion="4.0" xmlns="http://schemas.microsoft.com/developer/msbuild/2003">
  <ItemGroup>
    <Filter Include="Source Files">
      <UniqueIdentifier>{4FC737F1-C7A5-4376-A066-2A32D752A2FF}</UniqueIdentifier>
      <Extensions>cpp;c;cxx;def;odl;idl;hpj;bat;asm;asmx</Extensions>
    </Filter>
    <Filter Include="Source Files\Debug">
      <UniqueIdentifier>{551d6c3a-7efe-4d2e-b69a-28474e231ba0}</UniqueIdentifier>
    </Filter>
    <Filter Include="Source Files\Init">
      <UniqueIdentifier>{b60a067b-5223-4ee9-a23b-3036526cc0c2}</UniqueIdentifier>
    </Filter>
    <Filter Include="Source Files\Begin">
      <UniqueIdentifier>{64864ed6-0d3b-4f17-9958-df07ccd931b3}</UniqueIdentifier>
    </Filter>
    <Filter Include="Source Files\Hook">
      <UniqueIdentifier>{e665302e-a2c3-4beb-ace5-f298e4f390b0}</UniqueIdentifier>
    </Filter>
    <Filter Include="Source Files\Dispatch">
      <UniqueIdentifier>{21d3101f-8d06-4ec0-a0b8-655c97c4d025}</UniqueIdentifier>
    </Filter>
    <Filter Include="Source Files\Dispatch\NTDLL">
      <UniqueIdentifier>{5ed006b5-bed5-4598-81ec-a7b310c23a3a}</UniqueIdentifier>
    </Filter>
    <Filter Include="Source Files\Dispatch\KERNEL32">
      <UniqueIdentifier>{181436a9-c52c-4805-8b51-3a4293beef91}</UniqueIdentifier>
    </Filter>
    <Filter Include="Source Files\Dispatch\ADVAPI32">
      <UniqueIdentifier>{3398afe7-a82a-4f28-94b9-d6fc1470176e}</UniqueIdentifier>
    </Filter>
    <Filter Include="Source Files\Dispatch\USER32">
      <UniqueIdentifier>{9a23d5d1-a895-4b99-a85d-c5ae8efc1d1c}</UniqueIdentifier>
    </Filter>
    <Filter Include="Source Files\Inject">
      <UniqueIdentifier>{18fbefe8-2ba4-45f7-a1b9-b0843e655f14}</UniqueIdentifier>
    </Filter>
    <Filter Include="Source Files\CloneAPI">
      <UniqueIdentifier>{d99f5a4a-56f1-4367-ad2c-4d972917664b}</UniqueIdentifier>
    </Filter>
    <Filter Include="Source Files\NativeAPI">
      <UniqueIdentifier>{c05d4dc5-6e18-468d-a9a5-eb59e40a10ee}</UniqueIdentifier>
    </Filter>
    <Filter Include="Header Files">
      <UniqueIdentifier>{93995380-89BD-4b04-88EB-625FBE52EBFB}</UniqueIdentifier>
      <Extensions>h;hpp;hxx;hm;inl;inc;xsd</Extensions>
    </Filter>
    <Filter Include="Header Files\Debug">
      <UniqueIdentifier>{3d8d9994-977a-4dd5-a8bc-4a655793b5ed}</UniqueIdentifier>
    </Filter>
    <Filter Include="Header Files\Init">
      <UniqueIdentifier>{847ca160-7c57-440a-b131-e64a161c3689}</UniqueIdentifier>
    </Filter>
    <Filter Include="Header Files\Begin">
      <UniqueIdentifier>{70e627dd-8d7e-41c2-af20-6b44bba54017}</UniqueIdentifier>
    </Filter>
    <Filter Include="Header Files\Hook">
      <UniqueIdentifier>{f8d74cd0-48df-4b42-8443-845fc2b2cd23}</UniqueIdentifier>
    </Filter>
    <Filter Include="Header Files\Dispatch">
      <UniqueIdentifier>{198ca6e7-1887-45b2-9330-2e9e93b46080}</UniqueIdentifier>
    </Filter>
    <Filter Include="Header Files\Dispatch\NTDLL">
      <UniqueIdentifier>{aedf0afc-1107-43df-8108-7235fc8b7383}</UniqueIdentifier>
    </Filter>
    <Filter Include="Header Files\Dispatch\KERNEL32">
      <UniqueIdentifier>{9a97ece6-714d-4826-8d87-1aed3d98ef44}</UniqueIdentifier>
    </Filter>
    <Filter Include="Header Files\Dispatch\USER32">
      <UniqueIdentifier>{b53cbb20-2513-4613-85c9-a4c2e7e69d04}</UniqueIdentifier>
    </Filter>
    <Filter Include="Header Files\Dispatch\ADVAPI32">
      <UniqueIdentifier>{0927d2a7-a774-4152-ac41-75416584b3f1}</UniqueIdentifier>
    </Filter>
    <Filter Include="Header Files\Inject">
      <UniqueIdentifier>{81af091a-deeb-4cfb-b8b6-40239c2d7dd4}</UniqueIdentifier>
    </Filter>
    <Filter Include="Header Files\CloneAPI">
      <UniqueIdentifier>{849fe92b-41a9-4bf2-99bf-76464296fc23}</UniqueIdentifier>
    </Filter>
    <Filter Include="Header Files\NativeAPI">
      <UniqueIdentifier>{12917cd9-2cac-46c8-9d4b-c392985c2570}</UniqueIdentifier>
    </Filter>
  </ItemGroup>
  <ItemGroup>
    <ClCompile Include="Main.cpp">
      <Filter>Source Files</Filter>
    </ClCompile>
    <ClCompile Include="..\Common\DebugLog.cpp">
      <Filter>Source Files\Debug</Filter>
    </ClCompile>
    <ClCompile Include="Initalization.cpp">
      <Filter>Source Files\Init</Filter>
    </ClCompile>
    <ClCompile Include="Privilege.cpp">
      <Filter>Source Files\Init</Filter>
    </ClCompile>
    <ClCompile Include="BeginDispatch.cpp">
      <Filter>Source Files\Begin</Filter>
    </ClCompile>
    <ClCompile Include="GetProcAddressEx.cpp">
      <Filter>Source Files\Hook</Filter>
    </ClCompile>
    <ClCompile Include="HookHelp.cpp">
      <Filter>Source Files\Hook</Filter>
    </ClCompile>
    <ClCompile Include="HookHelp_File.cpp">
      <Filter>Source Files\Hook</Filter>
    </ClCompile>
    <ClCompile Include="HookHelp_Reg.cpp">
      <Filter>Source Files\Hook</Filter>
    </ClCompile>
    <ClCompile Include="InlineHook.cpp">
      <Filter>Source Files\Hook</Filter>
    </ClCompile>
    <ClCompile Include="Dispatch_NTDLL.cpp">
      <Filter>Source Files\Dispatch\NTDLL</Filter>
    </ClCompile>
    <ClCompile Include="Dispatch_NTDLL_LdrLoadDll.cpp">
      <Filter>Source Files\Dispatch\NTDLL</Filter>
    </ClCompile>
    <ClCompile Include="Dispatch_NTDLL_LdrUnloadDll.cpp">
      <Filter>Source Files\Dispatch\NTDLL</Filter>
    </ClCompile>
    <ClCompile Include="Dispatch_NTDLL_NtAdjustPrivilegesToken.cpp">
      <Filter>Source Files\Dispatch\NTDLL</Filter>
    </ClCompile>
    <ClCompile Include="Dispatch_NTDLL_NtAllocateVirtualMemory.cpp">
      <Filter>Source Files\Dispatch\NTDLL</Filter>
    </ClCompile>
    <ClCompile Include="Dispatch_NTDLL_NtClose.cpp">
      <Filter>Source Files\Dispatch\NTDLL</Filter>
    </ClCompile>
    <ClCompile Include="Dispatch_NTDLL_NtConnectPort.cpp">
      <Filter>Source Files\Dispatch\NTDLL</Filter>
    </ClCompile>
    <ClCompile Include="Dispatch_NTDLL_NtCreateEvent.cpp">
      <Filter>Source Files\Dispatch\NTDLL</Filter>
    </ClCompile>
    <ClCompile Include="Dispatch_NTDLL_NtCreateFile.cpp">
      <Filter>Source Files\Dispatch\NTDLL</Filter>
    </ClCompile>
    <ClCompile Include="Dispatch_NTDLL_NtCreateKey.cpp">
      <Filter>Source Files\Dispatch\NTDLL</Filter>
    </ClCompile>
    <ClCompile Include="Dispatch_NTDLL_NtCreateMutant.cpp">
      <Filter>Source Files\Dispatch\NTDLL</Filter>
    </ClCompile>
    <ClCompile Include="Dispatch_NTDLL_NtCreatePort.cpp">
      <Filter>Source Files\Dispatch\NTDLL</Filter>
    </ClCompile>
    <ClCompile Include="Dispatch_NTDLL_NtCreateProcess.cpp">
      <Filter>Source Files\Dispatch\NTDLL</Filter>
    </ClCompile>
    <ClCompile Include="Dispatch_NTDLL_NtCreateProcessEx.cpp">
      <Filter>Source Files\Dispatch\NTDLL</Filter>
    </ClCompile>
    <ClCompile Include="Dispatch_NTDLL_NtCreateSection.cpp">
      <Filter>Source Files\Dispatch\NTDLL</Filter>
    </ClCompile>
    <ClCompile Include="Dispatch_NTDLL_NtCreateSemaphore.cpp">
      <Filter>Source Files\Dispatch\NTDLL</Filter>
    </ClCompile>
    <ClCompile Include="Dispatch_NTDLL_NtCreateThread.cpp">
      <Filter>Source Files\Dispatch\NTDLL</Filter>
    </ClCompile>
    <ClCompile Include="Dispatch_NTDLL_NtDeleteFile.cpp">
      <Filter>Source Files\Dispatch\NTDLL</Filter>
    </ClCompile>
    <ClCompile Include="Dispatch_NTDLL_NtDeleteKey.cpp">
      <Filter>Source Files\Dispatch\NTDLL</Filter>
    </ClCompile>
    <ClCompile Include="Dispatch_NTDLL_NtDeleteValueKey.cpp">
      <Filter>Source Files\Dispatch\NTDLL</Filter>
    </ClCompile>
    <ClCompile Include="Dispatch_NTDLL_NtEnumerateKey.cpp">
      <Filter>Source Files\Dispatch\NTDLL</Filter>
    </ClCompile>
    <ClCompile Include="Dispatch_NTDLL_NtEnumerateValueKey.cpp">
      <Filter>Source Files\Dispatch\NTDLL</Filter>
    </ClCompile>
    <ClCompile Include="Dispatch_NTDLL_NtFsControlFile.cpp">
      <Filter>Source Files\Dispatch\NTDLL</Filter>
    </ClCompile>
    <ClCompile Include="Dispatch_NTDLL_NtGetContextThread.cpp">
      <Filter>Source Files\Dispatch\NTDLL</Filter>
    </ClCompile>
    <ClCompile Include="Dispatch_NTDLL_NtLoadDriver.cpp">
      <Filter>Source Files\Dispatch\NTDLL</Filter>
    </ClCompile>
    <ClCompile Include="Dispatch_NTDLL_NtNotifyChangeKey.cpp">
      <Filter>Source Files\Dispatch\NTDLL</Filter>
    </ClCompile>
    <ClCompile Include="Dispatch_NTDLL_NtNotifyChangeMultipleKeys.cpp">
      <Filter>Source Files\Dispatch\NTDLL</Filter>
    </ClCompile>
    <ClCompile Include="Dispatch_NTDLL_NtOpenEvent.cpp">
      <Filter>Source Files\Dispatch\NTDLL</Filter>
    </ClCompile>
    <ClCompile Include="Dispatch_NTDLL_NtOpenFile.cpp">
      <Filter>Source Files\Dispatch\NTDLL</Filter>
    </ClCompile>
    <ClCompile Include="Dispatch_NTDLL_NtOpenKey.cpp">
      <Filter>Source Files\Dispatch\NTDLL</Filter>
    </ClCompile>
    <ClCompile Include="Dispatch_NTDLL_NtOpenMutant.cpp">
      <Filter>Source Files\Dispatch\NTDLL</Filter>
    </ClCompile>
    <ClCompile Include="Dispatch_NTDLL_NtOpenProcess.cpp">
      <Filter>Source Files\Dispatch\NTDLL</Filter>
    </ClCompile>
    <ClCompile Include="Dispatch_NTDLL_NtOpenSection.cpp">
      <Filter>Source Files\Dispatch\NTDLL</Filter>
    </ClCompile>
    <ClCompile Include="Dispatch_NTDLL_NtOpenSemaphore.cpp">
      <Filter>Source Files\Dispatch\NTDLL</Filter>
    </ClCompile>
    <ClCompile Include="Dispatch_NTDLL_NtOpenThread.cpp">
      <Filter>Source Files\Dispatch\NTDLL</Filter>
    </ClCompile>
    <ClCompile Include="Dispatch_NTDLL_NtProtectVirtualMemory.cpp">
      <Filter>Source Files\Dispatch\NTDLL</Filter>
    </ClCompile>
    <ClCompile Include="Dispatch_NTDLL_NtQueryAttributesFile.cpp">
      <Filter>Source Files\Dispatch\NTDLL</Filter>
    </ClCompile>
    <ClCompile Include="Dispatch_NTDLL_NtQueryDirectoryFile.cpp">
      <Filter>Source Files\Dispatch\NTDLL</Filter>
    </ClCompile>
    <ClCompile Include="Dispatch_NTDLL_NtQueryFullAttributesFile.cpp">
      <Filter>Source Files\Dispatch\NTDLL</Filter>
    </ClCompile>
    <ClCompile Include="Dispatch_NTDLL_NtQueryInformationFile.cpp">
      <Filter>Source Files\Dispatch\NTDLL</Filter>
    </ClCompile>
    <ClCompile Include="Dispatch_NTDLL_NtQueryInformationProcess.cpp">
      <Filter>Source Files\Dispatch\NTDLL</Filter>
    </ClCompile>
    <ClCompile Include="Dispatch_NTDLL_NtQueryInformationThread.cpp">
      <Filter>Source Files\Dispatch\NTDLL</Filter>
    </ClCompile>
    <ClCompile Include="Dispatch_NTDLL_NtQueryKey.cpp">
      <Filter>Source Files\Dispatch\NTDLL</Filter>
    </ClCompile>
    <ClCompile Include="Dispatch_NTDLL_NtQueryMultipleValueKey.cpp">
      <Filter>Source Files\Dispatch\NTDLL</Filter>
    </ClCompile>
    <ClCompile Include="Dispatch_NTDLL_NtQueryObject.cpp">
      <Filter>Source Files\Dispatch\NTDLL</Filter>
    </ClCompile>
    <ClCompile Include="Dispatch_NTDLL_NtQuerySystemInformation.cpp">
      <Filter>Source Files\Dispatch\NTDLL</Filter>
    </ClCompile>
    <ClCompile Include="Dispatch_NTDLL_NtQueryValueKey.cpp">
      <Filter>Source Files\Dispatch\NTDLL</Filter>
    </ClCompile>
    <ClCompile Include="Dispatch_NTDLL_NtReadFile.cpp">
      <Filter>Source Files\Dispatch\NTDLL</Filter>
    </ClCompile>
    <ClCompile Include="Dispatch_NTDLL_NtRenameKey.cpp">
      <Filter>Source Files\Dispatch\NTDLL</Filter>
    </ClCompile>
    <ClCompile Include="Dispatch_NTDLL_NtResumeThread.cpp">
      <Filter>Source Files\Dispatch\NTDLL</Filter>
    </ClCompile>
    <ClCompile Include="Dispatch_NTDLL_NtSaveKey.cpp">
      <Filter>Source Files\Dispatch\NTDLL</Filter>
    </ClCompile>
    <ClCompile Include="Dispatch_NTDLL_NtSecureConnectPort.cpp">
      <Filter>Source Files\Dispatch\NTDLL</Filter>
    </ClCompile>
    <ClCompile Include="Dispatch_NTDLL_NtSetInformationFile.cpp">
      <Filter>Source Files\Dispatch\NTDLL</Filter>
    </ClCompile>
    <ClCompile Include="Dispatch_NTDLL_NtSetInformationToken.cpp">
      <Filter>Source Files\Dispatch\NTDLL</Filter>
    </ClCompile>
    <ClCompile Include="Dispatch_NTDLL_NtSetSecurityObject.cpp">
      <Filter>Source Files\Dispatch\NTDLL</Filter>
    </ClCompile>
    <ClCompile Include="Dispatch_NTDLL_NtSetSystemInformation.cpp">
      <Filter>Source Files\Dispatch\NTDLL</Filter>
    </ClCompile>
    <ClCompile Include="Dispatch_NTDLL_NtSetValueKey.cpp">
      <Filter>Source Files\Dispatch\NTDLL</Filter>
    </ClCompile>
    <ClCompile Include="Dispatch_NTDLL_NtSystemDebugControl.cpp">
      <Filter>Source Files\Dispatch\NTDLL</Filter>
    </ClCompile>
    <ClCompile Include="Dispatch_NTDLL_NtWriteFile.cpp">
      <Filter>Source Files\Dispatch\NTDLL</Filter>
    </ClCompile>
    <ClCompile Include="Dispatch_NTDLL_NtWriteVirtualMemory.cpp">
      <Filter>Source Files\Dispatch\NTDLL</Filter>
    </ClCompile>
    <ClCompile Include="Dispatch_KERNEL32.cpp">
      <Filter>Source Files\Dispatch\KERNEL32</Filter>
    </ClCompile>
    <ClCompile Include="Dispatch_KERNEL32_CreateProcessInternal.cpp">
      <Filter>Source Files\Dispatch\KERNEL32</Filter>
    </ClCompile>
    <ClCompile Include="Dispatch_ADVAPI32.cpp">
      <Filter>Source Files\Dispatch\ADVAPI32</Filter>
    </ClCompile>
    <ClCompile Include="Dispatch_ADVAPI32_ChangeServiceConfig.cpp">
      <Filter>Source Files\Dispatch\ADVAPI32</Filter>
    </ClCompile>
    <ClCompile Include="Dispatch_ADVAPI32_ChangeServiceConfig2.cpp">
      <Filter>Source Files\Dispatch\ADVAPI32</Filter>
    </ClCompile>
    <ClCompile Include="Dispatch_ADVAPI32_ControlService.cpp">
      <Filter>Source Files\Dispatch\ADVAPI32</Filter>
    </ClCompile>
    <ClCompile Include="Dispatch_ADVAPI32_CreateService.cpp">
      <Filter>Source Files\Dispatch\ADVAPI32</Filter>
    </ClCompile>
    <ClCompile Include="Dispatch_ADVAPI32_DeleteService.cpp">
      <Filter>Source Files\Dispatch\ADVAPI32</Filter>
    </ClCompile>
    <ClCompile Include="Dispatch_ADVAPI32_LockServiceDatabase.cpp">
      <Filter>Source Files\Dispatch\ADVAPI32</Filter>
    </ClCompile>
    <ClCompile Include="Dispatch_ADVAPI32_SetServiceStatus.cpp">
      <Filter>Source Files\Dispatch\ADVAPI32</Filter>
    </ClCompile>
    <ClCompile Include="Dispatch_ADVAPI32_StartService.cpp">
      <Filter>Source Files\Dispatch\ADVAPI32</Filter>
    </ClCompile>
    <ClCompile Include="Dispatch_ADVAPI32_UnlockServiceDatabase.cpp">
      <Filter>Source Files\Dispatch\ADVAPI32</Filter>
    </ClCompile>
    <ClCompile Include="Dispatch_USER32.cpp">
      <Filter>Source Files\Dispatch\USER32</Filter>
    </ClCompile>
    <ClCompile Include="Dispatch_USER32_CreateWindowEx.cpp">
      <Filter>Source Files\Dispatch\USER32</Filter>
    </ClCompile>
    <ClCompile Include="Dispatch_USER32_ExitWindowsEx.cpp">
      <Filter>Source Files\Dispatch\USER32</Filter>
    </ClCompile>
    <ClCompile Include="Dispatch_USER32_GetWindowThreadProcessId.cpp">
      <Filter>Source Files\Dispatch\USER32</Filter>
    </ClCompile>
    <ClCompile Include="Dispatch_USER32_PostMessage.cpp">
      <Filter>Source Files\Dispatch\USER32</Filter>
    </ClCompile>
    <ClCompile Include="Dispatch_USER32_SendMessage.cpp">
      <Filter>Source Files\Dispatch\USER32</Filter>
    </ClCompile>
    <ClCompile Include="Dispatch_USER32_SetWindowLong.cpp">
      <Filter>Source Files\Dispatch\USER32</Filter>
    </ClCompile>
    <ClCompile Include="Dispatch_USER32_SetWindowsHookEx.cpp">
      <Filter>Source Files\Dispatch\USER32</Filter>
    </ClCompile>
    <ClCompile Include="Dispatch_USER32_SetWindowText.cpp">
      <Filter>Source Files\Dispatch\USER32</Filter>
    </ClCompile>
    <ClCompile Include="Dispatch_USER32_UnhookWindowsHookEx.cpp">
      <Filter>Source Files\Dispatch\USER32</Filter>
    </ClCompile>
    <ClCompile Include="IATModifier.cpp">
      <Filter>Source Files\Inject</Filter>
    </ClCompile>
    <ClCompile Include="IATProcess.cpp">
      <Filter>Source Files\Inject</Filter>
    </ClCompile>
    <ClCompile Include="RemoteInjection.cpp">
      <Filter>Source Files\Inject</Filter>
    </ClCompile>
    <ClCompile Include="CloneAPI_ADVAPI32.cpp">
      <Filter>Source Files\CloneAPI</Filter>
    </ClCompile>
    <ClCompile Include="CloneAPI_FLTLIB.cpp">
      <Filter>Source Files\CloneAPI</Filter>
    </ClCompile>
    <ClCompile Include="CloneAPI_KERNEL32.cpp">
      <Filter>Source Files\CloneAPI</Filter>
    </ClCompile>
    <ClCompile Include="CloneAPI_SHELL32.cpp">
      <Filter>Source Files\CloneAPI</Filter>
    </ClCompile>
    <ClCompile Include="NativeAPI_NTDLL.cpp">
      <Filter>Source Files\NativeAPI</Filter>
    </ClCompile>
  </ItemGroup>
  <ItemGroup>
    <ClInclude Include="..\Config\Config.h">
      <Filter>Header Files</Filter>
    </ClInclude>
    <ClInclude Include="..\Common\DllModule.h">
      <Filter>Header Files</Filter>
    </ClInclude>
    <ClInclude Include="Main.h">
      <Filter>Header Files</Filter>
    </ClInclude>
    <ClInclude Include="..\Common\DebugLog.h">
      <Filter>Header Files\Debug</Filter>
    </ClInclude>
    <ClInclude Include="Initalization.h">
      <Filter>Header Files\Init</Filter>
    </ClInclude>
    <ClInclude Include="Privilege.h">
      <Filter>Header Files\Init</Filter>
    </ClInclude>
    <ClInclude Include="BeginDispatch.h">
      <Filter>Header Files\Begin</Filter>
    </ClInclude>
    <ClInclude Include="GetProcAddressEx.h">
      <Filter>Header Files\Hook</Filter>
    </ClInclude>
    <ClInclude Include="HookHelp.h">
      <Filter>Header Files\Hook</Filter>
    </ClInclude>
    <ClInclude Include="HookHelp_File.h">
      <Filter>Header Files\Hook</Filter>
    </ClInclude>
    <ClInclude Include="HookHelp_Reg.h">
      <Filter>Header Files\Hook</Filter>
    </ClInclude>
    <ClInclude Include="InlineHook.h">
      <Filter>Header Files\Hook</Filter>
    </ClInclude>
    <ClInclude Include="Dispatch_NTDLL.h">
      <Filter>Header Files\Dispatch\NTDLL</Filter>
    </ClInclude>
    <ClInclude Include="Dispatch_NTDLL_LdrLoadDll.h">
      <Filter>Header Files\Dispatch\NTDLL</Filter>
    </ClInclude>
    <ClInclude Include="Dispatch_NTDLL_LdrUnloadDll.h">
      <Filter>Header Files\Dispatch\NTDLL</Filter>
    </ClInclude>
    <ClInclude Include="Dispatch_NTDLL_NtAdjustPrivilegesToken.h">
      <Filter>Header Files\Dispatch\NTDLL</Filter>
    </ClInclude>
    <ClInclude Include="Dispatch_NTDLL_NtAllocateVirtualMemory.h">
      <Filter>Header Files\Dispatch\NTDLL</Filter>
    </ClInclude>
    <ClInclude Include="Dispatch_NTDLL_NtClose.h">
      <Filter>Header Files\Dispatch\NTDLL</Filter>
    </ClInclude>
    <ClInclude Include="Dispatch_NTDLL_NtConnectPort.h">
      <Filter>Header Files\Dispatch\NTDLL</Filter>
    </ClInclude>
    <ClInclude Include="Dispatch_NTDLL_NtCreateEvent.h">
      <Filter>Header Files\Dispatch\NTDLL</Filter>
    </ClInclude>
    <ClInclude Include="Dispatch_NTDLL_NtCreateFile.h">
      <Filter>Header Files\Dispatch\NTDLL</Filter>
    </ClInclude>
    <ClInclude Include="Dispatch_NTDLL_NtCreateKey.h">
      <Filter>Header Files\Dispatch\NTDLL</Filter>
    </ClInclude>
    <ClInclude Include="Dispatch_NTDLL_NtCreateMutant.h">
      <Filter>Header Files\Dispatch\NTDLL</Filter>
    </ClInclude>
    <ClInclude Include="Dispatch_NTDLL_NtCreatePort.h">
      <Filter>Header Files\Dispatch\NTDLL</Filter>
    </ClInclude>
    <ClInclude Include="Dispatch_NTDLL_NtCreateProcess.h">
      <Filter>Header Files\Dispatch\NTDLL</Filter>
    </ClInclude>
    <ClInclude Include="Dispatch_NTDLL_NtCreateProcessEx.h">
      <Filter>Header Files\Dispatch\NTDLL</Filter>
    </ClInclude>
    <ClInclude Include="Dispatch_NTDLL_NtCreateSection.h">
      <Filter>Header Files\Dispatch\NTDLL</Filter>
    </ClInclude>
    <ClInclude Include="Dispatch_NTDLL_NtCreateSemaphore.h">
      <Filter>Header Files\Dispatch\NTDLL</Filter>
    </ClInclude>
    <ClInclude Include="Dispatch_NTDLL_NtCreateThread.h">
      <Filter>Header Files\Dispatch\NTDLL</Filter>
    </ClInclude>
    <ClInclude Include="Dispatch_NTDLL_NtDeleteFile.h">
      <Filter>Header Files\Dispatch\NTDLL</Filter>
    </ClInclude>
    <ClInclude Include="Dispatch_NTDLL_NtDeleteKey.h">
      <Filter>Header Files\Dispatch\NTDLL</Filter>
    </ClInclude>
    <ClInclude Include="Dispatch_NTDLL_NtDeleteValueKey.h">
      <Filter>Header Files\Dispatch\NTDLL</Filter>
    </ClInclude>
    <ClInclude Include="Dispatch_NTDLL_NtEnumerateKey.h">
      <Filter>Header Files\Dispatch\NTDLL</Filter>
    </ClInclude>
    <ClInclude Include="Dispatch_NTDLL_NtEnumerateValueKey.h">
      <Filter>Header Files\Dispatch\NTDLL</Filter>
    </ClInclude>
    <ClInclude Include="Dispatch_NTDLL_NtFsControlFile.h">
      <Filter>Header Files\Dispatch\NTDLL</Filter>
    </ClInclude>
    <ClInclude Include="Dispatch_NTDLL_NtGetContextThread.h">
      <Filter>Header Files\Dispatch\NTDLL</Filter>
    </ClInclude>
    <ClInclude Include="Dispatch_NTDLL_NtLoadDriver.h">
      <Filter>Header Files\Dispatch\NTDLL</Filter>
    </ClInclude>
    <ClInclude Include="Dispatch_NTDLL_NtNotifyChangeKey.h">
      <Filter>Header Files\Dispatch\NTDLL</Filter>
    </ClInclude>
    <ClInclude Include="Dispatch_NTDLL_NtNotifyChangeMultipleKeys.h">
      <Filter>Header Files\Dispatch\NTDLL</Filter>
    </ClInclude>
    <ClInclude Include="Dispatch_NTDLL_NtOpenEvent.h">
      <Filter>Header Files\Dispatch\NTDLL</Filter>
    </ClInclude>
    <ClInclude Include="Dispatch_NTDLL_NtOpenFile.h">
      <Filter>Header Files\Dispatch\NTDLL</Filter>
    </ClInclude>
    <ClInclude Include="Dispatch_NTDLL_NtOpenKey.h">
      <Filter>Header Files\Dispatch\NTDLL</Filter>
    </ClInclude>
    <ClInclude Include="Dispatch_NTDLL_NtOpenMutant.h">
      <Filter>Header Files\Dispatch\NTDLL</Filter>
    </ClInclude>
    <ClInclude Include="Dispatch_NTDLL_NtOpenProcess.h">
      <Filter>Header Files\Dispatch\NTDLL</Filter>
    </ClInclude>
    <ClInclude Include="Dispatch_NTDLL_NtOpenSection.h">
      <Filter>Header Files\Dispatch\NTDLL</Filter>
    </ClInclude>
    <ClInclude Include="Dispatch_NTDLL_NtOpenSemaphore.h">
      <Filter>Header Files\Dispatch\NTDLL</Filter>
    </ClInclude>
    <ClInclude Include="Dispatch_NTDLL_NtOpenThread.h">
      <Filter>Header Files\Dispatch\NTDLL</Filter>
    </ClInclude>
    <ClInclude Include="Dispatch_NTDLL_NtProtectVirtualMemory.h">
      <Filter>Header Files\Dispatch\NTDLL</Filter>
    </ClInclude>
    <ClInclude Include="Dispatch_NTDLL_NtQueryAttributesFile.h">
      <Filter>Header Files\Dispatch\NTDLL</Filter>
    </ClInclude>
    <ClInclude Include="Dispatch_NTDLL_NtQueryDirectoryFile.h">
      <Filter>Header Files\Dispatch\NTDLL</Filter>
    </ClInclude>
    <ClInclude Include="Dispatch_NTDLL_NtQueryFullAttributesFile.h">
      <Filter>Header Files\Dispatch\NTDLL</Filter>
    </ClInclude>
    <ClInclude Include="Dispatch_NTDLL_NtQueryInformationFile.h">
      <Filter>Header Files\Dispatch\NTDLL</Filter>
    </ClInclude>
    <ClInclude Include="Dispatch_NTDLL_NtQueryInformationProcess.h">
      <Filter>Header Files\Dispatch\NTDLL</Filter>
    </ClInclude>
    <ClInclude Include="Dispatch_NTDLL_NtQueryInformationThread.h">
      <Filter>Header Files\Dispatch\NTDLL</Filter>
    </ClInclude>
    <ClInclude Include="Dispatch_NTDLL_NtQueryKey.h">
      <Filter>Header Files\Dispatch\NTDLL</Filter>
    </ClInclude>
    <ClInclude Include="Dispatch_NTDLL_NtQueryMultipleValueKey.h">
      <Filter>Header Files\Dispatch\NTDLL</Filter>
    </ClInclude>
    <ClInclude Include="Dispatch_NTDLL_NtQueryObject.h">
      <Filter>Header Files\Dispatch\NTDLL</Filter>
    </ClInclude>
    <ClInclude Include="Dispatch_NTDLL_NtQuerySystemInformation.h">
      <Filter>Header Files\Dispatch\NTDLL</Filter>
    </ClInclude>
    <ClInclude Include="Dispatch_NTDLL_NtQueryValueKey.h">
      <Filter>Header Files\Dispatch\NTDLL</Filter>
    </ClInclude>
    <ClInclude Include="Dispatch_NTDLL_NtReadFile.h">
      <Filter>Header Files\Dispatch\NTDLL</Filter>
    </ClInclude>
    <ClInclude Include="Dispatch_NTDLL_NtRenameKey.h">
      <Filter>Header Files\Dispatch\NTDLL</Filter>
    </ClInclude>
    <ClInclude Include="Dispatch_NTDLL_NtResumeThread.h">
      <Filter>Header Files\Dispatch\NTDLL</Filter>
    </ClInclude>
    <ClInclude Include="Dispatch_NTDLL_NtSaveKey.h">
      <Filter>Header Files\Dispatch\NTDLL</Filter>
    </ClInclude>
    <ClInclude Include="Dispatch_NTDLL_NtSecureConnectPort.h">
      <Filter>Header Files\Dispatch\NTDLL</Filter>
    </ClInclude>
    <ClInclude Include="Dispatch_NTDLL_NtSetInformationFile.h">
      <Filter>Header Files\Dispatch\NTDLL</Filter>
    </ClInclude>
    <ClInclude Include="Dispatch_NTDLL_NtSetInformationToken.h">
      <Filter>Header Files\Dispatch\NTDLL</Filter>
    </ClInclude>
    <ClInclude Include="Dispatch_NTDLL_NtSetSecurityObject.h">
      <Filter>Header Files\Dispatch\NTDLL</Filter>
    </ClInclude>
    <ClInclude Include="Dispatch_NTDLL_NtSetSystemInformation.h">
      <Filter>Header Files\Dispatch\NTDLL</Filter>
    </ClInclude>
    <ClInclude Include="Dispatch_NTDLL_NtSetValueKey.h">
      <Filter>Header Files\Dispatch\NTDLL</Filter>
    </ClInclude>
    <ClInclude Include="Dispatch_NTDLL_NtSystemDebugControl.h">
      <Filter>Header Files\Dispatch\NTDLL</Filter>
    </ClInclude>
    <ClInclude Include="Dispatch_NTDLL_NtWriteFile.h">
      <Filter>Header Files\Dispatch\NTDLL</Filter>
    </ClInclude>
    <ClInclude Include="Dispatch_NTDLL_NtWriteVirtualMemory.h">
      <Filter>Header Files\Dispatch\NTDLL</Filter>
    </ClInclude>
    <ClInclude Include="Dispatch_KERNEL32.h">
      <Filter>Header Files\Dispatch\KERNEL32</Filter>
    </ClInclude>
    <ClInclude Include="Dispatch_KERNEL32_CreateProcessInternal.h">
      <Filter>Header Files\Dispatch\KERNEL32</Filter>
    </ClInclude>
    <ClInclude Include="Dispatch_USER32.h">
      <Filter>Header Files\Dispatch\USER32</Filter>
    </ClInclude>
    <ClInclude Include="Dispatch_USER32_CreateWindowEx.h">
      <Filter>Header Files\Dispatch\USER32</Filter>
    </ClInclude>
    <ClInclude Include="Dispatch_USER32_ExitWindowsEx.h">
      <Filter>Header Files\Dispatch\USER32</Filter>
    </ClInclude>
    <ClInclude Include="Dispatch_USER32_GetWindowThreadProcessId.h">
      <Filter>Header Files\Dispatch\USER32</Filter>
    </ClInclude>
    <ClInclude Include="Dispatch_USER32_PostMessage.h">
      <Filter>Header Files\Dispatch\USER32</Filter>
    </ClInclude>
    <ClInclude Include="Dispatch_USER32_SendMessage.h">
      <Filter>Header Files\Dispatch\USER32</Filter>
    </ClInclude>
    <ClInclude Include="Dispatch_USER32_SetWindowLong.h">
      <Filter>Header Files\Dispatch\USER32</Filter>
    </ClInclude>
    <ClInclude Include="Dispatch_USER32_SetWindowsHookEx.h">
      <Filter>Header Files\Dispatch\USER32</Filter>
    </ClInclude>
    <ClInclude Include="Dispatch_USER32_SetWindowText.h">
      <Filter>Header Files\Dispatch\USER32</Filter>
    </ClInclude>
    <ClInclude Include="Dispatch_USER32_UnhookWindowsHookEx.h">
      <Filter>Header Files\Dispatch\USER32</Filter>
    </ClInclude>
    <ClInclude Include="Dispatch_ADVAPI32.h">
      <Filter>Header Files\Dispatch\ADVAPI32</Filter>
    </ClInclude>
    <ClInclude Include="Dispatch_ADVAPI32_ChangeServiceConfig.h">
      <Filter>Header Files\Dispatch\ADVAPI32</Filter>
    </ClInclude>
    <ClInclude Include="Dispatch_ADVAPI32_ChangeServiceConfig2.h">
      <Filter>Header Files\Dispatch\ADVAPI32</Filter>
    </ClInclude>
    <ClInclude Include="Dispatch_ADVAPI32_ControlService.h">
      <Filter>Header Files\Dispatch\ADVAPI32</Filter>
    </ClInclude>
    <ClInclude Include="Dispatch_ADVAPI32_CreateService.h">
      <Filter>Header Files\Dispatch\ADVAPI32</Filter>
    </ClInclude>
    <ClInclude Include="Dispatch_ADVAPI32_DeleteService.h">
      <Filter>Header Files\Dispatch\ADVAPI32</Filter>
    </ClInclude>
    <ClInclude Include="Dispatch_ADVAPI32_LockServiceDatabase.h">
      <Filter>Header Files\Dispatch\ADVAPI32</Filter>
    </ClInclude>
    <ClInclude Include="Dispatch_ADVAPI32_SetServiceStatus.h">
      <Filter>Header Files\Dispatch\ADVAPI32</Filter>
    </ClInclude>
    <ClInclude Include="Dispatch_ADVAPI32_StartService.h">
      <Filter>Header Files\Dispatch\ADVAPI32</Filter>
    </ClInclude>
    <ClInclude Include="Dispatch_ADVAPI32_UnlockServiceDatabase.h">
      <Filter>Header Files\Dispatch\ADVAPI32</Filter>
    </ClInclude>
    <ClInclude Include="IATModifier.h">
      <Filter>Header Files\Inject</Filter>
    </ClInclude>
    <ClInclude Include="IATProcess.h">
      <Filter>Header Files\Inject</Filter>
    </ClInclude>
    <ClInclude Include="RemoteInjection.h">
      <Filter>Header Files\Inject</Filter>
    </ClInclude>
    <ClInclude Include="CloneAPI_ADVAPI32.h">
      <Filter>Header Files\CloneAPI</Filter>
    </ClInclude>
    <ClInclude Include="CloneAPI_FLTLIB.h">
      <Filter>Header Files\CloneAPI</Filter>
    </ClInclude>
    <ClInclude Include="CloneAPI_KERNEL32.h">
      <Filter>Header Files\CloneAPI</Filter>
    </ClInclude>
    <ClInclude Include="CloneAPI_SHELL32.h">
      <Filter>Header Files\CloneAPI</Filter>
    </ClInclude>
    <ClInclude Include="NativeAPI_NTDLL.h">
      <Filter>Header Files\NativeAPI</Filter>
    </ClInclude>
  </ItemGroup>
</Project>